# This file was autogenerated by uv via the following command:
#    uv pip compile pyproject.toml --extra build -o uv-build.lock
altgraph==0.17.4
    # via pyinstaller
certifi==2025.1.31
    # via requests
charset-normalizer==3.4.1
    # via requests
idna==3.10
    # via requests
packaging==24.2
    # via
    #   pyinstaller
    #   pyinstaller-hooks-contrib
pillow==11.2.1
    # via staticmap
psutil==5.9.8
    # via teslaunidash (pyproject.toml)
pyinstaller==6.12.0
    # via teslaunidash (pyproject.toml)
pyinstaller-hooks-contrib==2025.2
    # via pyinstaller
python-dateutil==2.8.2
    # via teslaunidash (pyproject.toml)
pytz==2025.2
    # via tzlocal
requests==2.32.3
    # via
    #   teslaunidash (pyproject.toml)
    #   staticmap
setuptools==78.1.0
    # via
    #   pyinstaller
    #   pyinstaller-hooks-contrib
six==1.17.0
    # via python-dateutil
staticmap==0.5.7
    # via teslaunidash (pyproject.toml)
tzlocal==2.1
    # via teslaunidash (pyproject.toml)
urllib3==2.4.0
    # via requests
